<?xml version="1.0" encoding="utf-8"?>
<Project ToolsVersion="4.0" xmlns="http://schemas.microsoft.com/developer/msbuild/2003">
  <ItemGroup>
    <Filter Include="Исходные файлы">
      <UniqueIdentifier>{4FC737F1-C7A5-4376-A066-2A32D752A2FF}</UniqueIdentifier>
      <Extensions>cpp;c;cc;cxx;c++;cppm;ixx;def;odl;idl;hpj;bat;asm;asmx</Extensions>
    </Filter>
    <Filter Include="Файлы заголовков">
      <UniqueIdentifier>{93995380-89BD-4b04-88EB-625FBE52EBFB}</UniqueIdentifier>
      <Extensions>h;hh;hpp;hxx;h++;hm;inl;inc;ipp;xsd</Extensions>
    </Filter>
    <Filter Include="Файлы ресурсов">
      <UniqueIdentifier>{67DA6AB6-F800-4c08-8B7A-83BB121AAD01}</UniqueIdentifier>
      <Extensions>rc;ico;cur;bmp;dlg;rc2;rct;bin;rgs;gif;jpg;jpeg;jpe;resx;tiff;tif;png;wav;mfcribbon-ms</Extensions>
    </Filter>
  </ItemGroup>
  <ItemGroup>
    <ClCompile Include="main.cpp">
      <Filter>Исходные файлы</Filter>
    </ClCompile>
  </ItemGroup>
  <ItemGroup>
    <Image Include="img_zadan\allababah\ig_0.jpg">
      <Filter>Файлы ресурсов</Filter>
    </Image>
    <Image Include="img_zadan\allababah\ig_1.jpg">
      <Filter>Файлы ресурсов</Filter>
    </Image>
    <Image Include="img_zadan\allababah\ig_2.jpg">
      <Filter>Файлы ресурсов</Filter>
    </Image>
    <Image Include="img_zadan\gk\gk.jpg">
      <Filter>Файлы ресурсов</Filter>
    </Image>
    <Image Include="img_zadan\gk\gk_tmplt.jpg">
      <Filter>Файлы ресурсов</Filter>
    </Image>
    <Image Include="img_zadan\roboti\roi_robotov.jpg">
      <Filter>Файлы ресурсов</Filter>
    </Image>
    <Image Include="img_zadan\roboti\roi_robotov_1.jpg">
      <Filter>Файлы ресурсов</Filter>
    </Image>
    <Image Include="img_zadan\teplovizor\21331.res.jpg">
      <Filter>Файлы ресурсов</Filter>
    </Image>
    <Image Include="img_zadan\teplovizor\445923main_STS128_16FrAvg_color1.jpg">
      <Filter>Файлы ресурсов</Filter>
    </Image>
    <Image Include="img_zadan\teplovizor\MW-AW129-measured.jpg">
      <Filter>Файлы ресурсов</Filter>
    </Image>
    <Image Include="img_zadan\teplovizor\ntcs_quest_measurement.png">
      <Filter>Файлы ресурсов</Filter>
    </Image>
    <Image Include="img_zadan\teplovizor\size0-army.mil-2008-08-28-082221.jpg">
      <Filter>Файлы ресурсов</Filter>
    </Image>
  </ItemGroup>
  <ItemGroup>
    <Media Include="img_zadan\allababah\v1.mp4" />
    <Media Include="img_zadan\allababah\v2.mp4" />
    <Media Include="img_zadan\allababah\v3.mp4" />
    <Media Include="img_zadan\roboti\v_rob.mp4" />
  </ItemGroup>
</Project>